<Solution>
  <Folder Name="/src/">
    <Project Path="src/SystemAgent.Cli/SystemAgent.Cli.csproj" />
    <Project Path="src/SystemAgent.Client/SystemAgent.Client.csproj" />
    <Project Path="src/SystemAgent.Core/SystemAgent.Core.csproj" />
    <Project Path="src/SystemAgent.Infrastructure/SystemAgent.Infrastructure.csproj" />
    <Project Path="src/SystemAgent.Web/SystemAgent.Web.csproj" />
  </Folder>
  <Folder Name="/tests/">
    <Project Path="tests/SystemAgent.Core.Tests/SystemAgent.Core.Tests.csproj" />
  </Folder>
</Solution>
